
Microsoft Visual Studio Solution File, Format Version 12.00
# Visual Studio 2012
Project("{FAE04EC0-301F-11D3-BF4B-00C04F79EFBC}") = "evt-sharp", "evt-sharp.csproj", "{B607110B-65DE-49CD-8D91-4186B7D45763}"
EndProject
Global
	GlobalSection(SolutionConfigurationPlatforms) = preSolution
		Debug|Any CPU = Debug|Any CPU
		Release|Any CPU = Release|Any CPU
	EndGlobalSection
	GlobalSection(ProjectConfigurationPlatforms) = postSolution
		{B607110B-65DE-49CD-8D91-4186B7D45763}.Debug|Any CPU.ActiveCfg = Debug|Any CPU
		{B607110B-65DE-49CD-8D91-4186B7D45763}.Debug|Any CPU.Build.0 = Debug|Any CPU
		{B607110B-65DE-49CD-8D91-4186B7D45763}.Release|Any CPU.ActiveCfg = Release|Any CPU
		{B607110B-65DE-49CD-8D91-4186B7D45763}.Release|Any CPU.Build.0 = Release|Any CPU
	EndGlobalSection
EndGlobal
